
Microsoft Visual Studio Solution File, Format Version 12.00
# Visual Studio Version 16
VisualStudioVersion = 16.0.31729.503
MinimumVisualStudioVersion = 10.0.40219.1
Project("{FAE04EC0-301F-11D3-BF4B-00C04F79EFBC}") = "xadrez_console", "xadrez_console\xadrez_console.csproj", "{07C7806F-B75D-451A-9F9C-A5DB80ACF936}"
EndProject
Global
	GlobalSection(SolutionConfigurationPlatforms) = preSolution
		Debug|Any CPU = Debug|Any CPU
		Release|Any CPU = Release|Any CPU
	EndGlobalSection
	GlobalSection(ProjectConfigurationPlatforms) = postSolution
		{07C7806F-B75D-451A-9F9C-A5DB80ACF936}.Debug|Any CPU.ActiveCfg = Debug|Any CPU
		{07C7806F-B75D-451A-9F9C-A5DB80ACF936}.Debug|Any CPU.Build.0 = Debug|Any CPU
		{07C7806F-B75D-451A-9F9C-A5DB80ACF936}.Release|Any CPU.ActiveCfg = Release|Any CPU
		{07C7806F-B75D-451A-9F9C-A5DB80ACF936}.Release|Any CPU.Build.0 = Release|Any CPU
	EndGlobalSection
	GlobalSection(SolutionProperties) = preSolution
		HideSolutionNode = FALSE
	EndGlobalSection
	GlobalSection(ExtensibilityGlobals) = postSolution
		SolutionGuid = {A57F5CE0-AAAF-41EB-B1B3-912D83767A37}
	EndGlobalSection
EndGlobal
